
Microsoft Visual Studio Solution File, Format Version 12.00
# Visual Studio Version 16
VisualStudioVersion = 16.0.30001.183
MinimumVisualStudioVersion = 10.0.40219.1
Project("{FAE04EC0-301F-11D3-BF4B-00C04F79EFBC}") = "MyDbLocalizaion", "MyDbLocalizaion\MyDbLocalizaion.csproj", "{EB6DDCAD-669B-45C0-B3B7-0574E0CAD660}"
EndProject
Global
	GlobalSection(SolutionConfigurationPlatforms) = preSolution
		Debug|Any CPU = Debug|Any CPU
		Release|Any CPU = Release|Any CPU
	EndGlobalSection
	GlobalSection(ProjectConfigurationPlatforms) = postSolution
		{EB6DDCAD-669B-45C0-B3B7-0574E0CAD660}.Debug|Any CPU.ActiveCfg = Debug|Any CPU
		{EB6DDCAD-669B-45C0-B3B7-0574E0CAD660}.Debug|Any CPU.Build.0 = Debug|Any CPU
		{EB6DDCAD-669B-45C0-B3B7-0574E0CAD660}.Release|Any CPU.ActiveCfg = Release|Any CPU
		{EB6DDCAD-669B-45C0-B3B7-0574E0CAD660}.Release|Any CPU.Build.0 = Release|Any CPU
	EndGlobalSection
	GlobalSection(SolutionProperties) = preSolution
		HideSolutionNode = FALSE
	EndGlobalSection
	GlobalSection(ExtensibilityGlobals) = postSolution
		SolutionGuid = {0BC05E51-DC9D-4A9A-A59B-5B62F9A97C7C}
	EndGlobalSection
EndGlobal
