
Microsoft Visual Studio Solution File, Format Version 12.00
# Visual Studio Version 16
VisualStudioVersion = 16.0.30001.183
MinimumVisualStudioVersion = 10.0.40219.1
Project("{FAE04EC0-301F-11D3-BF4B-00C04F79EFBC}") = "ShutdownTimeout", "ShutdownTimeout\ShutdownTimeout.csproj", "{FD408E08-85CD-410C-9308-36DAFC1F6E57}"
EndProject
Global
	GlobalSection(SolutionConfigurationPlatforms) = preSolution
		Debug|Any CPU = Debug|Any CPU
		Release|Any CPU = Release|Any CPU
	EndGlobalSection
	GlobalSection(ProjectConfigurationPlatforms) = postSolution
		{FD408E08-85CD-410C-9308-36DAFC1F6E57}.Debug|Any CPU.ActiveCfg = Debug|Any CPU
		{FD408E08-85CD-410C-9308-36DAFC1F6E57}.Debug|Any CPU.Build.0 = Debug|Any CPU
		{FD408E08-85CD-410C-9308-36DAFC1F6E57}.Release|Any CPU.ActiveCfg = Release|Any CPU
		{FD408E08-85CD-410C-9308-36DAFC1F6E57}.Release|Any CPU.Build.0 = Release|Any CPU
	EndGlobalSection
	GlobalSection(SolutionProperties) = preSolution
		HideSolutionNode = FALSE
	EndGlobalSection
	GlobalSection(ExtensibilityGlobals) = postSolution
		SolutionGuid = {0BC05E51-DC9D-4A9A-A59B-5B62F9A97C7C}
	EndGlobalSection
EndGlobal
